{
  "nodes": {
    "agent-browser-flake": {
      "inputs": {
        "nixpkgs": [
          "nixpkgs"
        ]
      },
      "locked": {
        "lastModified": 1771575639,
        "narHash": "sha256-srFAExxcV9bDKxC0YhMVg4pkqu34XmFV3nXOXdSS+TE=",
        "owner": "MalachiteN",
        "repo": "agent-browser-flake",
        "rev": "a39c72fc1fce0e9d4f2ecb7b8448e82e136fa389",
        "type": "github"
      },
      "original": {
        "owner": "MalachiteN",
        "repo": "agent-browser-flake",
        "type": "github"
      }
    },
    "apple-emoji-nix": {
      "inputs": {
        "nixpkgs": [
          "nixpkgs"
        ]
      },
      "locked": {
        "lastModified": 1711624089,
        "narHash": "sha256-Glk61yudkHfUaTMlfUPLay/d6R/prmIt37oEWtVh+Qw=",
        "owner": "MalachiteN",
        "repo": "apple-emoji-nix",
        "rev": "5b1a9d2513af73b5a23c7656e34d54a6bf76b34d",
        "type": "github"
      },
      "original": {
        "owner": "MalachiteN",
        "repo": "apple-emoji-nix",
        "type": "github"
      }
    },
    "home-manager": {
      "inputs": {
        "nixpkgs": [
          "nixpkgs"
        ]
      },
      "locked": {
        "lastModified": 1771683283,
        "narHash": "sha256-WxAEkAbo8dP7qiyPM6VN4ZGAxfuBVlNBNPkrqkrXVEc=",
        "owner": "nix-community",
        "repo": "home-manager",
        "rev": "c6ed3eab64d23520bcbb858aa53fe2b533725d4a",
        "type": "github"
      },
      "original": {
        "owner": "nix-community",
        "ref": "master",
        "repo": "home-manager",
        "type": "github"
      }
    },
    "nixpkgs": {
      "locked": {
        "lastModified": 1771369470,
        "narHash": "sha256-0NBlEBKkN3lufyvFegY4TYv5mCNHbi5OmBDrzihbBMQ=",
        "owner": "NixOS",
        "repo": "nixpkgs",
        "rev": "0182a361324364ae3f436a63005877674cf45efb",
        "type": "github"
      },
      "original": {
        "owner": "NixOS",
        "ref": "nixos-unstable",
        "repo": "nixpkgs",
        "type": "github"
      }
    },
    "root": {
      "inputs": {
        "agent-browser-flake": "agent-browser-flake",
        "apple-emoji-nix": "apple-emoji-nix",
        "home-manager": "home-manager",
        "nixpkgs": "nixpkgs"
      }
    }
  },
  "root": "root",
  "version": 7
}
